
Microsoft Visual Studio Solution File, Format Version 12.00
# Visual Studio Version 17
VisualStudioVersion = 17.9.34728.123
MinimumVisualStudioVersion = 10.0.40219.1
Project("{F184B08F-C81C-45F6-A57F-5ABD9991F28F}") = "F1", "F1\F1.vbproj", "{3716737D-7E81-41E2-BE79-FE7762C85535}"
EndProject
Project("{F184B08F-C81C-45F6-A57F-5ABD9991F28F}") = "V2", "V2\V2.vbproj", "{69B8343E-1751-4BAA-A323-BA3255F4400E}"
EndProject
Project("{F184B08F-C81C-45F6-A57F-5ABD9991F28F}") = "33str", "33str\33str.vbproj", "{32EAD1FD-ECC5-4446-A155-AD2B0EB6BA29}"
EndProject
Project("{F184B08F-C81C-45F6-A57F-5ABD9991F28F}") = "36str", "36str\36str.vbproj", "{442E0461-F663-429C-ACA8-02F97F84493B}"
EndProject
Project("{F184B08F-C81C-45F6-A57F-5ABD9991F28F}") = "40str", "40str\40str.vbproj", "{9C0D00BE-D6FA-47D5-92F2-05FE9F15350A}"
EndProject
Project("{F184B08F-C81C-45F6-A57F-5ABD9991F28F}") = "str47", "str47\str47.vbproj", "{72695BCF-8072-413A-A942-07F501E48E1F}"
EndProject
Project("{F184B08F-C81C-45F6-A57F-5ABD9991F28F}") = "str49zad1", "str49zad1\str49zad1.vbproj", "{EE520E76-1538-45AF-9E07-C851F3AFFBCF}"
EndProject
Project("{F184B08F-C81C-45F6-A57F-5ABD9991F28F}") = "str50", "str50\str50.vbproj", "{DDCD845C-52EA-4670-9638-EAC516E6BCD5}"
EndProject
Project("{F184B08F-C81C-45F6-A57F-5ABD9991F28F}") = "str50z4", "str50z4\str50z4.vbproj", "{EEEF8F58-61FA-4DCA-A14A-E7DD3A64930B}"
EndProject
Project("{F184B08F-C81C-45F6-A57F-5ABD9991F28F}") = "53", "53\53.vbproj", "{723E6900-0387-4A27-BD2F-3D60FF93EED1}"
EndProject
Project("{F184B08F-C81C-45F6-A57F-5ABD9991F28F}") = "55LogIn task", "55LogIn task\55LogIn task.vbproj", "{6568D4CC-60C8-41E8-8145-23FD68BF06C5}"
EndProject
Project("{F184B08F-C81C-45F6-A57F-5ABD9991F28F}") = "58z1", "58z1\58z1.vbproj", "{4C1F06BA-54F3-4ED7-B708-3CE4C86CF307}"
EndProject
Project("{F184B08F-C81C-45F6-A57F-5ABD9991F28F}") = "58-59", "58-59\58-59.vbproj", "{81C66ED8-A0C8-4657-B3DD-27A5322D63A6}"
EndProject
Project("{F184B08F-C81C-45F6-A57F-5ABD9991F28F}") = "59.3", "59.3\59.3.vbproj", "{DA7F9AD0-96E6-4027-8E9A-490EAA1ED7D8}"
EndProject
Project("{F184B08F-C81C-45F6-A57F-5ABD9991F28F}") = "66", "66\66.vbproj", "{579AB27D-E49F-42EC-8E31-18143570850A}"
EndProject
Project("{F184B08F-C81C-45F6-A57F-5ABD9991F28F}") = "67", "67\67.vbproj", "{04E7B431-BAAB-4DFE-A322-00710D2697C0}"
EndProject
Project("{F184B08F-C81C-45F6-A57F-5ABD9991F28F}") = "70", "70\70.vbproj", "{30EE143C-D4AB-4A9D-8345-24770FCD8AB3}"
EndProject
Global
	GlobalSection(SolutionConfigurationPlatforms) = preSolution
		Debug|Any CPU = Debug|Any CPU
		Release|Any CPU = Release|Any CPU
	EndGlobalSection
	GlobalSection(ProjectConfigurationPlatforms) = postSolution
		{3716737D-7E81-41E2-BE79-FE7762C85535}.Debug|Any CPU.ActiveCfg = Debug|Any CPU
		{3716737D-7E81-41E2-BE79-FE7762C85535}.Debug|Any CPU.Build.0 = Debug|Any CPU
		{3716737D-7E81-41E2-BE79-FE7762C85535}.Release|Any CPU.ActiveCfg = Release|Any CPU
		{3716737D-7E81-41E2-BE79-FE7762C85535}.Release|Any CPU.Build.0 = Release|Any CPU
		{69B8343E-1751-4BAA-A323-BA3255F4400E}.Debug|Any CPU.ActiveCfg = Debug|Any CPU
		{69B8343E-1751-4BAA-A323-BA3255F4400E}.Debug|Any CPU.Build.0 = Debug|Any CPU
		{69B8343E-1751-4BAA-A323-BA3255F4400E}.Release|Any CPU.ActiveCfg = Release|Any CPU
		{69B8343E-1751-4BAA-A323-BA3255F4400E}.Release|Any CPU.Build.0 = Release|Any CPU
		{32EAD1FD-ECC5-4446-A155-AD2B0EB6BA29}.Debug|Any CPU.ActiveCfg = Debug|Any CPU
		{32EAD1FD-ECC5-4446-A155-AD2B0EB6BA29}.Debug|Any CPU.Build.0 = Debug|Any CPU
		{32EAD1FD-ECC5-4446-A155-AD2B0EB6BA29}.Release|Any CPU.ActiveCfg = Release|Any CPU
		{32EAD1FD-ECC5-4446-A155-AD2B0EB6BA29}.Release|Any CPU.Build.0 = Release|Any CPU
		{442E0461-F663-429C-ACA8-02F97F84493B}.Debug|Any CPU.ActiveCfg = Debug|Any CPU
		{442E0461-F663-429C-ACA8-02F97F84493B}.Debug|Any CPU.Build.0 = Debug|Any CPU
		{442E0461-F663-429C-ACA8-02F97F84493B}.Release|Any CPU.ActiveCfg = Release|Any CPU
		{442E0461-F663-429C-ACA8-02F97F84493B}.Release|Any CPU.Build.0 = Release|Any CPU
		{9C0D00BE-D6FA-47D5-92F2-05FE9F15350A}.Debug|Any CPU.ActiveCfg = Debug|Any CPU
		{9C0D00BE-D6FA-47D5-92F2-05FE9F15350A}.Debug|Any CPU.Build.0 = Debug|Any CPU
		{9C0D00BE-D6FA-47D5-92F2-05FE9F15350A}.Release|Any CPU.ActiveCfg = Release|Any CPU
		{9C0D00BE-D6FA-47D5-92F2-05FE9F15350A}.Release|Any CPU.Build.0 = Release|Any CPU
		{72695BCF-8072-413A-A942-07F501E48E1F}.Debug|Any CPU.ActiveCfg = Debug|Any CPU
		{72695BCF-8072-413A-A942-07F501E48E1F}.Debug|Any CPU.Build.0 = Debug|Any CPU
		{72695BCF-8072-413A-A942-07F501E48E1F}.Release|Any CPU.ActiveCfg = Release|Any CPU
		{72695BCF-8072-413A-A942-07F501E48E1F}.Release|Any CPU.Build.0 = Release|Any CPU
		{EE520E76-1538-45AF-9E07-C851F3AFFBCF}.Debug|Any CPU.ActiveCfg = Debug|Any CPU
		{EE520E76-1538-45AF-9E07-C851F3AFFBCF}.Debug|Any CPU.Build.0 = Debug|Any CPU
		{EE520E76-1538-45AF-9E07-C851F3AFFBCF}.Release|Any CPU.ActiveCfg = Release|Any CPU
		{EE520E76-1538-45AF-9E07-C851F3AFFBCF}.Release|Any CPU.Build.0 = Release|Any CPU
		{DDCD845C-52EA-4670-9638-EAC516E6BCD5}.Debug|Any CPU.ActiveCfg = Debug|Any CPU
		{DDCD845C-52EA-4670-9638-EAC516E6BCD5}.Debug|Any CPU.Build.0 = Debug|Any CPU
		{DDCD845C-52EA-4670-9638-EAC516E6BCD5}.Release|Any CPU.ActiveCfg = Release|Any CPU
		{DDCD845C-52EA-4670-9638-EAC516E6BCD5}.Release|Any CPU.Build.0 = Release|Any CPU
		{EEEF8F58-61FA-4DCA-A14A-E7DD3A64930B}.Debug|Any CPU.ActiveCfg = Debug|Any CPU
		{EEEF8F58-61FA-4DCA-A14A-E7DD3A64930B}.Debug|Any CPU.Build.0 = Debug|Any CPU
		{EEEF8F58-61FA-4DCA-A14A-E7DD3A64930B}.Release|Any CPU.ActiveCfg = Release|Any CPU
		{EEEF8F58-61FA-4DCA-A14A-E7DD3A64930B}.Release|Any CPU.Build.0 = Release|Any CPU
		{723E6900-0387-4A27-BD2F-3D60FF93EED1}.Debug|Any CPU.ActiveCfg = Debug|Any CPU
		{723E6900-0387-4A27-BD2F-3D60FF93EED1}.Debug|Any CPU.Build.0 = Debug|Any CPU
		{723E6900-0387-4A27-BD2F-3D60FF93EED1}.Release|Any CPU.ActiveCfg = Release|Any CPU
		{723E6900-0387-4A27-BD2F-3D60FF93EED1}.Release|Any CPU.Build.0 = Release|Any CPU
		{6568D4CC-60C8-41E8-8145-23FD68BF06C5}.Debug|Any CPU.ActiveCfg = Debug|Any CPU
		{6568D4CC-60C8-41E8-8145-23FD68BF06C5}.Debug|Any CPU.Build.0 = Debug|Any CPU
		{6568D4CC-60C8-41E8-8145-23FD68BF06C5}.Release|Any CPU.ActiveCfg = Release|Any CPU
		{6568D4CC-60C8-41E8-8145-23FD68BF06C5}.Release|Any CPU.Build.0 = Release|Any CPU
		{4C1F06BA-54F3-4ED7-B708-3CE4C86CF307}.Debug|Any CPU.ActiveCfg = Debug|Any CPU
		{4C1F06BA-54F3-4ED7-B708-3CE4C86CF307}.Debug|Any CPU.Build.0 = Debug|Any CPU
		{4C1F06BA-54F3-4ED7-B708-3CE4C86CF307}.Release|Any CPU.ActiveCfg = Release|Any CPU
		{4C1F06BA-54F3-4ED7-B708-3CE4C86CF307}.Release|Any CPU.Build.0 = Release|Any CPU
		{81C66ED8-A0C8-4657-B3DD-27A5322D63A6}.Debug|Any CPU.ActiveCfg = Debug|Any CPU
		{81C66ED8-A0C8-4657-B3DD-27A5322D63A6}.Debug|Any CPU.Build.0 = Debug|Any CPU
		{81C66ED8-A0C8-4657-B3DD-27A5322D63A6}.Release|Any CPU.ActiveCfg = Release|Any CPU
		{81C66ED8-A0C8-4657-B3DD-27A5322D63A6}.Release|Any CPU.Build.0 = Release|Any CPU
		{DA7F9AD0-96E6-4027-8E9A-490EAA1ED7D8}.Debug|Any CPU.ActiveCfg = Debug|Any CPU
		{DA7F9AD0-96E6-4027-8E9A-490EAA1ED7D8}.Debug|Any CPU.Build.0 = Debug|Any CPU
		{DA7F9AD0-96E6-4027-8E9A-490EAA1ED7D8}.Release|Any CPU.ActiveCfg = Release|Any CPU
		{DA7F9AD0-96E6-4027-8E9A-490EAA1ED7D8}.Release|Any CPU.Build.0 = Release|Any CPU
		{579AB27D-E49F-42EC-8E31-18143570850A}.Debug|Any CPU.ActiveCfg = Debug|Any CPU
		{579AB27D-E49F-42EC-8E31-18143570850A}.Debug|Any CPU.Build.0 = Debug|Any CPU
		{579AB27D-E49F-42EC-8E31-18143570850A}.Release|Any CPU.ActiveCfg = Release|Any CPU
		{579AB27D-E49F-42EC-8E31-18143570850A}.Release|Any CPU.Build.0 = Release|Any CPU
		{04E7B431-BAAB-4DFE-A322-00710D2697C0}.Debug|Any CPU.ActiveCfg = Debug|Any CPU
		{04E7B431-BAAB-4DFE-A322-00710D2697C0}.Debug|Any CPU.Build.0 = Debug|Any CPU
		{04E7B431-BAAB-4DFE-A322-00710D2697C0}.Release|Any CPU.ActiveCfg = Release|Any CPU
		{04E7B431-BAAB-4DFE-A322-00710D2697C0}.Release|Any CPU.Build.0 = Release|Any CPU
		{30EE143C-D4AB-4A9D-8345-24770FCD8AB3}.Debug|Any CPU.ActiveCfg = Debug|Any CPU
		{30EE143C-D4AB-4A9D-8345-24770FCD8AB3}.Debug|Any CPU.Build.0 = Debug|Any CPU
		{30EE143C-D4AB-4A9D-8345-24770FCD8AB3}.Release|Any CPU.ActiveCfg = Release|Any CPU
		{30EE143C-D4AB-4A9D-8345-24770FCD8AB3}.Release|Any CPU.Build.0 = Release|Any CPU
	EndGlobalSection
	GlobalSection(SolutionProperties) = preSolution
		HideSolutionNode = FALSE
	EndGlobalSection
	GlobalSection(ExtensibilityGlobals) = postSolution
		SolutionGuid = {4D99E623-ACB2-4D11-B83E-06E4ACFCBB34}
	EndGlobalSection
EndGlobal
